
Microsoft Visual Studio Solution File, Format Version 12.00
# Visual Studio Version 16
VisualStudioVersion = 16.0.29905.134
MinimumVisualStudioVersion = 10.0.40219.1
Project("{FAE04EC0-301F-11D3-BF4B-00C04F79EFBC}") = "AlgorithmsSort", "AlgorithmsSort\AlgorithmsSort.csproj", "{3CC2801F-D09F-4BB8-AE65-377FB74020FA}"
EndProject
Project("{9A19103F-16F7-4668-BE54-9A1E7A4F7556}") = "Algorithms", "Algorithms\Algorithms.csproj", "{1819E403-77B8-43E4-92F6-DE421B6C84E9}"
EndProject
Project("{9A19103F-16F7-4668-BE54-9A1E7A4F7556}") = "AlgorithmsTests", "AlgorithmsTests\AlgorithmsTests.csproj", "{BB3B853E-1658-4F12-BA5B-E3E321EBAB58}"
EndProject
Global
	GlobalSection(SolutionConfigurationPlatforms) = preSolution
		Debug|Any CPU = Debug|Any CPU
		Release|Any CPU = Release|Any CPU
	EndGlobalSection
	GlobalSection(ProjectConfigurationPlatforms) = postSolution
		{3CC2801F-D09F-4BB8-AE65-377FB74020FA}.Debug|Any CPU.ActiveCfg = Debug|Any CPU
		{3CC2801F-D09F-4BB8-AE65-377FB74020FA}.Debug|Any CPU.Build.0 = Debug|Any CPU
		{3CC2801F-D09F-4BB8-AE65-377FB74020FA}.Release|Any CPU.ActiveCfg = Release|Any CPU
		{3CC2801F-D09F-4BB8-AE65-377FB74020FA}.Release|Any CPU.Build.0 = Release|Any CPU
		{1819E403-77B8-43E4-92F6-DE421B6C84E9}.Debug|Any CPU.ActiveCfg = Debug|Any CPU
		{1819E403-77B8-43E4-92F6-DE421B6C84E9}.Debug|Any CPU.Build.0 = Debug|Any CPU
		{1819E403-77B8-43E4-92F6-DE421B6C84E9}.Release|Any CPU.ActiveCfg = Release|Any CPU
		{1819E403-77B8-43E4-92F6-DE421B6C84E9}.Release|Any CPU.Build.0 = Release|Any CPU
		{BB3B853E-1658-4F12-BA5B-E3E321EBAB58}.Debug|Any CPU.ActiveCfg = Debug|Any CPU
		{BB3B853E-1658-4F12-BA5B-E3E321EBAB58}.Debug|Any CPU.Build.0 = Debug|Any CPU
		{BB3B853E-1658-4F12-BA5B-E3E321EBAB58}.Release|Any CPU.ActiveCfg = Release|Any CPU
		{BB3B853E-1658-4F12-BA5B-E3E321EBAB58}.Release|Any CPU.Build.0 = Release|Any CPU
	EndGlobalSection
	GlobalSection(SolutionProperties) = preSolution
		HideSolutionNode = FALSE
	EndGlobalSection
	GlobalSection(ExtensibilityGlobals) = postSolution
		SolutionGuid = {FEF1A16F-D684-4EDB-B956-9021E546C972}
	EndGlobalSection
EndGlobal
